{
  "name": "es-repro",
  "version": "1.0.0",
  "lockfileVersion": 3,
  "requires": true,
  "packages": {
    "": {
      "name": "es-repro",
      "version": "1.0.0",
      "license": "MIT",
      "dependencies": {
        "eventsource-v2": "npm:eventsource@2.0.2",
        "eventsource-v3": "npm:eventsource@3.0.0-beta.0"
      }
    },
    "node_modules/eventsource-parser": {
      "version": "3.0.0",
      "resolved": "https://registry.npmjs.org/eventsource-parser/-/eventsource-parser-3.0.0.tgz",
      "integrity": "sha512-T1C0XCUimhxVQzW4zFipdx0SficT651NnkR0ZSH3yQwh+mFMdLfgjABVi4YtMTtaL4s168593DaoaRLMqryavA==",
      "license": "MIT",
      "engines": {
        "node": ">=18.0.0"
      }
    },
    "node_modules/eventsource-v2": {
      "name": "eventsource",
      "version": "2.0.2",
      "resolved": "https://registry.npmjs.org/eventsource/-/eventsource-2.0.2.tgz",
      "integrity": "sha512-IzUmBGPR3+oUG9dUeXynyNmf91/3zUSJg1lCktzKw47OXuhco54U3r9B7O4XX+Rb1Itm9OZ2b0RkTs10bICOxA==",
      "license": "MIT",
      "engines": {
        "node": ">=12.0.0"
      }
    },
    "node_modules/eventsource-v3": {
      "name": "eventsource",
      "version": "3.0.0-beta.0",
      "resolved": "https://registry.npmjs.org/eventsource/-/eventsource-3.0.0-beta.0.tgz",
      "integrity": "sha512-VL1epPiVzE1oAt4lZzMR5HBoTpNrAyNXPfRQukjnEK7TwuQgTXYoUgsb2RW+v1lMoMqsLBkjtTbLYCL71VT4JA==",
      "license": "MIT",
      "dependencies": {
        "eventsource-parser": "^3.0.0"
      },
      "engines": {
        "node": ">=18.0.0"
      }
    }
  }
}
